
Microsoft Visual Studio Solution File, Format Version 12.00
# Visual Studio 15
VisualStudioVersion = 15.0.27703.2035
MinimumVisualStudioVersion = 10.0.40219.1
Project("{F184B08F-C81C-45F6-A57F-5ABD9991F28F}") = "EKlaimLib", "EKlaimLib\EKlaimLib.vbproj", "{FC075748-8FC6-4D21-8429-0041DCEC00C0}"
EndProject
Project("{F184B08F-C81C-45F6-A57F-5ABD9991F28F}") = "Contoh", "Contoh\Contoh.vbproj", "{E7BA45C7-FFD1-494F-9CDE-E42728B3BFCA}"
EndProject
Project("{FAE04EC0-301F-11D3-BF4B-00C04F79EFBC}") = "Sisrute", "Sisrute\Sisrute.csproj", "{AA10DF7C-2D9E-4A90-AE64-BD2741B26FB5}"
EndProject
Project("{FAE04EC0-301F-11D3-BF4B-00C04F79EFBC}") = "ApplicareLib", "ApplicareLib\ApplicareLib.csproj", "{04F8FA2E-0168-4A48-8327-281429978102}"
EndProject
Project("{F184B08F-C81C-45F6-A57F-5ABD9991F28F}") = "VClaimLib", "VClaimLib\VClaimLib.vbproj", "{F9E52BBE-0EAF-41C0-ABA3-7A1F9C4D3514}"
EndProject
Global
	GlobalSection(SolutionConfigurationPlatforms) = preSolution
		Debug|Any CPU = Debug|Any CPU
		Release|Any CPU = Release|Any CPU
	EndGlobalSection
	GlobalSection(ProjectConfigurationPlatforms) = postSolution
		{FC075748-8FC6-4D21-8429-0041DCEC00C0}.Debug|Any CPU.ActiveCfg = Debug|Any CPU
		{FC075748-8FC6-4D21-8429-0041DCEC00C0}.Debug|Any CPU.Build.0 = Debug|Any CPU
		{FC075748-8FC6-4D21-8429-0041DCEC00C0}.Release|Any CPU.ActiveCfg = Release|Any CPU
		{FC075748-8FC6-4D21-8429-0041DCEC00C0}.Release|Any CPU.Build.0 = Release|Any CPU
		{E7BA45C7-FFD1-494F-9CDE-E42728B3BFCA}.Debug|Any CPU.ActiveCfg = Debug|Any CPU
		{E7BA45C7-FFD1-494F-9CDE-E42728B3BFCA}.Debug|Any CPU.Build.0 = Debug|Any CPU
		{E7BA45C7-FFD1-494F-9CDE-E42728B3BFCA}.Release|Any CPU.ActiveCfg = Release|Any CPU
		{E7BA45C7-FFD1-494F-9CDE-E42728B3BFCA}.Release|Any CPU.Build.0 = Release|Any CPU
		{AA10DF7C-2D9E-4A90-AE64-BD2741B26FB5}.Debug|Any CPU.ActiveCfg = Debug|Any CPU
		{AA10DF7C-2D9E-4A90-AE64-BD2741B26FB5}.Debug|Any CPU.Build.0 = Debug|Any CPU
		{AA10DF7C-2D9E-4A90-AE64-BD2741B26FB5}.Release|Any CPU.ActiveCfg = Release|Any CPU
		{AA10DF7C-2D9E-4A90-AE64-BD2741B26FB5}.Release|Any CPU.Build.0 = Release|Any CPU
		{04F8FA2E-0168-4A48-8327-281429978102}.Debug|Any CPU.ActiveCfg = Debug|Any CPU
		{04F8FA2E-0168-4A48-8327-281429978102}.Debug|Any CPU.Build.0 = Debug|Any CPU
		{04F8FA2E-0168-4A48-8327-281429978102}.Release|Any CPU.ActiveCfg = Release|Any CPU
		{04F8FA2E-0168-4A48-8327-281429978102}.Release|Any CPU.Build.0 = Release|Any CPU
		{F9E52BBE-0EAF-41C0-ABA3-7A1F9C4D3514}.Debug|Any CPU.ActiveCfg = Debug|Any CPU
		{F9E52BBE-0EAF-41C0-ABA3-7A1F9C4D3514}.Debug|Any CPU.Build.0 = Debug|Any CPU
		{F9E52BBE-0EAF-41C0-ABA3-7A1F9C4D3514}.Release|Any CPU.ActiveCfg = Release|Any CPU
		{F9E52BBE-0EAF-41C0-ABA3-7A1F9C4D3514}.Release|Any CPU.Build.0 = Release|Any CPU
	EndGlobalSection
	GlobalSection(SolutionProperties) = preSolution
		HideSolutionNode = FALSE
	EndGlobalSection
	GlobalSection(ExtensibilityGlobals) = postSolution
		SolutionGuid = {B59551E2-0C3D-4165-9482-DAA3CC6871DC}
	EndGlobalSection
EndGlobal
